
Microsoft Visual Studio Solution File, Format Version 12.00
# Visual Studio 15
VisualStudioVersion = 15.0.27130.2010
MinimumVisualStudioVersion = 10.0.40219.1
Project("{FAE04EC0-301F-11D3-BF4B-00C04F79EFBC}") = "Nanomite.Core.Authentication", "Nanomite.Core.Authentication\Nanomite.Core.Authentication.csproj", "{6F043184-A681-4FDD-AB3E-2D4D9D8420AB}"
EndProject
Global
	GlobalSection(SolutionConfigurationPlatforms) = preSolution
		Debug|Any CPU = Debug|Any CPU
		Release|Any CPU = Release|Any CPU
	EndGlobalSection
	GlobalSection(ProjectConfigurationPlatforms) = postSolution
		{6F043184-A681-4FDD-AB3E-2D4D9D8420AB}.Debug|Any CPU.ActiveCfg = Debug|Any CPU
		{6F043184-A681-4FDD-AB3E-2D4D9D8420AB}.Debug|Any CPU.Build.0 = Debug|Any CPU
		{6F043184-A681-4FDD-AB3E-2D4D9D8420AB}.Release|Any CPU.ActiveCfg = Release|Any CPU
		{6F043184-A681-4FDD-AB3E-2D4D9D8420AB}.Release|Any CPU.Build.0 = Release|Any CPU
	EndGlobalSection
	GlobalSection(SolutionProperties) = preSolution
		HideSolutionNode = FALSE
	EndGlobalSection
	GlobalSection(ExtensibilityGlobals) = postSolution
		SolutionGuid = {A7C7C82E-DC19-49BA-928A-4731807C5EE5}
	EndGlobalSection
EndGlobal
